<?xml version="1.0" encoding="UTF-8"?>
<Scheme
   version = "1.3">
   <BuildAction>
      <BuildActionEntries>
         <BuildActionEntry
            buildForRunning = "YES">
            <BuildableReference
               BuildableIdentifier = "primary"
               BlueprintIdentifier = "2DC4458C1FB4131000E3CC65"
               BuildableName = "Learning VIPER.app"
               BlueprintName = "Learning VIPER"
               ReferencedContainer = "container:Learning VIPER.xcodeproj">
            </BuildableReference>
         </BuildActionEntry>
      </BuildActionEntries>
   </BuildAction>
   <LaunchAction
      useCustomWorkingDirectory = "NO"
      buildConfiguration = "Debug">
      <BuildableProductRunnable>
         <BuildableReference
            BuildableIdentifier = "primary"
            BlueprintIdentifier = "2DC4458C1FB4131000E3CC65"
            BuildableName = "Learning VIPER.app"
            BlueprintName = "Learning VIPER"
            ReferencedContainer = "container:Learning VIPER.xcodeproj">
         </BuildableReference>
      </BuildableProductRunnable>
   </LaunchAction>
</Scheme>
